PODS:
  - SVProgressHUD (1.1.3)

DEPENDENCIES:
  - SVProgressHUD (~> 1.1)

SPEC REPOS:
  https://github.com/cocoapods/specs.git:
    - SVProgressHUD

SPEC CHECKSUMS:
  SVProgressHUD: 748080e4f36e603f6c02aec292664239df5279c1

PODFILE CHECKSUM: 28b7283b6b4d4f51f659375449b93b67f9cbacab

COCOAPODS: 1.6.0.beta.1
