PODS:
  - SVProgressHUD (1.1.3)

DEPENDENCIES:
  - SVProgressHUD (~> 1.1)

SPEC REPOS:
  https://github.com/cocoapods/specs.git:
    - SVProgressHUD

SPEC CHECKSUMS:
  SVProgressHUD: 748080e4f36e603f6c02aec292664239df5279c1

PODFILE CHECKSUM: c2e44cdd74badb98d047f7f288a4def59023c57a

COCOAPODS: 1.6.0.beta.1
