// !$*UTF8*$!
{
	archiveVersion = 1;
	classes = {
	};
	objectVersion = 50;
	objects = {

/* Begin PBXBuildFile section */
		1809962B229A257E003D3333 /* SearchPhotoServiceStub.swift in Sources */ = {isa = PBXBuildFile; fileRef = 1809962A229A257E003D3333 /* SearchPhotoServiceStub.swift */; };
		182252BC229A4B4800009AD6 /* EquatablesTest.swift in Sources */ = {isa = PBXBuildFile; fileRef = 182252BB229A4B4800009AD6 /* EquatablesTest.swift */; };
		1853A7292298CAF600C99411 /* LoaderImage.swift in Sources */ = {isa = PBXBuildFile; fileRef = 1853A7282298CAF600C99411 /* LoaderImage.swift */; };
		1853A72B2298CB6D00C99411 /* MFShimmerView.swift in Sources */ = {isa = PBXBuildFile; fileRef = 1853A72A2298CB6D00C99411 /* MFShimmerView.swift */; };
		1853A72D2298CC2C00C99411 /* SearchPhotosModel.swift in Sources */ = {isa = PBXBuildFile; fileRef = 1853A72C2298CC2C00C99411 /* SearchPhotosModel.swift */; };
		1853A72F2298CD4A00C99411 /* MethodEnumModel.swift in Sources */ = {isa = PBXBuildFile; fileRef = 1853A72E2298CD4A00C99411 /* MethodEnumModel.swift */; };
		1853A7312298D09500C99411 /* SearchPhotoManager.swift in Sources */ = {isa = PBXBuildFile; fileRef = 1853A7302298D09500C99411 /* SearchPhotoManager.swift */; };
		1853A7332298D0C000C99411 /* SearchPhotoService.swift in Sources */ = {isa = PBXBuildFile; fileRef = 1853A7322298D0C000C99411 /* SearchPhotoService.swift */; };
		1853A7352298D88F00C99411 /* ResultCustomService.swift in Sources */ = {isa = PBXBuildFile; fileRef = 1853A7342298D88F00C99411 /* ResultCustomService.swift */; };
		1853A7372298DAC700C99411 /* BaseService.swift in Sources */ = {isa = PBXBuildFile; fileRef = 1853A7362298DAC700C99411 /* BaseService.swift */; };
		1853A7392298DCD700C99411 /* BaseManager.swift in Sources */ = {isa = PBXBuildFile; fileRef = 1853A7382298DCD700C99411 /* BaseManager.swift */; };
		1855E34D229B104800503E8F /* HomeViewControllerTests.swift in Sources */ = {isa = PBXBuildFile; fileRef = 1855E34C229B104800503E8F /* HomeViewControllerTests.swift */; };
		1855E34F229B10AF00503E8F /* SearchPhotoManagerTests.swift in Sources */ = {isa = PBXBuildFile; fileRef = 1855E34E229B10AF00503E8F /* SearchPhotoManagerTests.swift */; };
		1855E352229B177500503E8F /* PhotosCollectionViewTests.swift in Sources */ = {isa = PBXBuildFile; fileRef = 1855E351229B177500503E8F /* PhotosCollectionViewTests.swift */; };
		1855E354229B178300503E8F /* PhotoManagerTests.swift in Sources */ = {isa = PBXBuildFile; fileRef = 1855E353229B178300503E8F /* PhotoManagerTests.swift */; };
		1855E356229B17F700503E8F /* PhotoServiceStub.swift in Sources */ = {isa = PBXBuildFile; fileRef = 1855E355229B17F700503E8F /* PhotoServiceStub.swift */; };
		1855E358229B18FF00503E8F /* BaseServiceStub.swift in Sources */ = {isa = PBXBuildFile; fileRef = 1855E357229B18FF00503E8F /* BaseServiceStub.swift */; };
		1869E3162298F6A600084DD6 /* PhotoModel.swift in Sources */ = {isa = PBXBuildFile; fileRef = 1869E3152298F6A600084DD6 /* PhotoModel.swift */; };
		1869E3182298F83900084DD6 /* PhotoManager.swift in Sources */ = {isa = PBXBuildFile; fileRef = 1869E3172298F83900084DD6 /* PhotoManager.swift */; };
		1869E31A2298F93E00084DD6 /* PhotoService.swift in Sources */ = {isa = PBXBuildFile; fileRef = 1869E3192298F93E00084DD6 /* PhotoService.swift */; };
		1869E31F2299C09D00084DD6 /* ItemCollectionViewCell.swift in Sources */ = {isa = PBXBuildFile; fileRef = 1869E31D2299C09D00084DD6 /* ItemCollectionViewCell.swift */; };
		1869E3202299C09D00084DD6 /* ItemCollectionViewCell.xib in Resources */ = {isa = PBXBuildFile; fileRef = 1869E31E2299C09D00084DD6 /* ItemCollectionViewCell.xib */; };
		1869E3272299FA1400084DD6 /* PhotosCollectionView.swift in Sources */ = {isa = PBXBuildFile; fileRef = 1869E3262299FA1400084DD6 /* PhotosCollectionView.swift */; };
		1874702722976EF100D4C697 /* AppDelegate.swift in Sources */ = {isa = PBXBuildFile; fileRef = 1874702622976EF100D4C697 /* AppDelegate.swift */; };
		1874702E22976EF300D4C697 /* Assets.xcassets in Resources */ = {isa = PBXBuildFile; fileRef = 1874702D22976EF300D4C697 /* Assets.xcassets */; };
		1874703122976EF300D4C697 /* LaunchScreen.storyboard in Resources */ = {isa = PBXBuildFile; fileRef = 1874702F22976EF300D4C697 /* LaunchScreen.storyboard */; };
		1874704D2297730000D4C697 /* RestEntity.swift in Sources */ = {isa = PBXBuildFile; fileRef = 18747047229772FF00D4C697 /* RestEntity.swift */; };
		1874704E2297730000D4C697 /* RestApi.swift in Sources */ = {isa = PBXBuildFile; fileRef = 18747048229772FF00D4C697 /* RestApi.swift */; };
		1874704F2297730000D4C697 /* HttpMethod.swift in Sources */ = {isa = PBXBuildFile; fileRef = 18747049229772FF00D4C697 /* HttpMethod.swift */; };
		187470502297730000D4C697 /* Results.swift in Sources */ = {isa = PBXBuildFile; fileRef = 1874704A229772FF00D4C697 /* Results.swift */; };
		187470512297730000D4C697 /* Response.swift in Sources */ = {isa = PBXBuildFile; fileRef = 1874704B229772FF00D4C697 /* Response.swift */; };
		187470522297730000D4C697 /* CustomErrorAPI.swift in Sources */ = {isa = PBXBuildFile; fileRef = 1874704C229772FF00D4C697 /* CustomErrorAPI.swift */; };
		18747057229773B500D4C697 /* Staging.xcconfig in Resources */ = {isa = PBXBuildFile; fileRef = 18747056229773B500D4C697 /* Staging.xcconfig */; };
		18747059229773C400D4C697 /* Release.xcconfig in Resources */ = {isa = PBXBuildFile; fileRef = 18747058229773C400D4C697 /* Release.xcconfig */; };
		187470642297781F00D4C697 /* API.swift in Sources */ = {isa = PBXBuildFile; fileRef = 187470632297781F00D4C697 /* API.swift */; };
		18747067229778C400D4C697 /* AppConfiguration.swift in Sources */ = {isa = PBXBuildFile; fileRef = 18747066229778C400D4C697 /* AppConfiguration.swift */; };
		1874706D2297821D00D4C697 /* UIViewController+Custom.swift in Sources */ = {isa = PBXBuildFile; fileRef = 1874706C2297821D00D4C697 /* UIViewController+Custom.swift */; };
		187470702297836100D4C697 /* HomeViewController.swift in Sources */ = {isa = PBXBuildFile; fileRef = 1874706E2297836100D4C697 /* HomeViewController.swift */; };
		187470712297836100D4C697 /* HomeViewController.xib in Resources */ = {isa = PBXBuildFile; fileRef = 1874706F2297836100D4C697 /* HomeViewController.xib */; };
/* End PBXBuildFile section */

/* Begin PBXContainerItemProxy section */
		1874703822976EF400D4C697 /* PBXContainerItemProxy */ = {
			isa = PBXContainerItemProxy;
			containerPortal = 1874701B22976EF100D4C697 /* Project object */;
			proxyType = 1;
			remoteGlobalIDString = 1874702222976EF100D4C697;
			remoteInfo = "Kwan Challenge";
		};
/* End PBXContainerItemProxy section */

/* Begin PBXFileReference section */
		1809962A229A257E003D3333 /* SearchPhotoServiceStub.swift */ = {isa = PBXFileReference; lastKnownFileType = sourcecode.swift; path = SearchPhotoServiceStub.swift; sourceTree = "<group>"; };
		182252BB229A4B4800009AD6 /* EquatablesTest.swift */ = {isa = PBXFileReference; lastKnownFileType = sourcecode.swift; path = EquatablesTest.swift; sourceTree = "<group>"; };
		1853A7282298CAF600C99411 /* LoaderImage.swift */ = {isa = PBXFileReference; lastKnownFileType = sourcecode.swift; path = LoaderImage.swift; sourceTree = "<group>"; };
		1853A72A2298CB6D00C99411 /* MFShimmerView.swift */ = {isa = PBXFileReference; lastKnownFileType = sourcecode.swift; path = MFShimmerView.swift; sourceTree = "<group>"; };
		1853A72C2298CC2C00C99411 /* SearchPhotosModel.swift */ = {isa = PBXFileReference; lastKnownFileType = sourcecode.swift; path = SearchPhotosModel.swift; sourceTree = "<group>"; };
		1853A72E2298CD4A00C99411 /* MethodEnumModel.swift */ = {isa = PBXFileReference; lastKnownFileType = sourcecode.swift; path = MethodEnumModel.swift; sourceTree = "<group>"; };
		1853A7302298D09500C99411 /* SearchPhotoManager.swift */ = {isa = PBXFileReference; lastKnownFileType = sourcecode.swift; path = SearchPhotoManager.swift; sourceTree = "<group>"; };
		1853A7322298D0C000C99411 /* SearchPhotoService.swift */ = {isa = PBXFileReference; lastKnownFileType = sourcecode.swift; path = SearchPhotoService.swift; sourceTree = "<group>"; };
		1853A7342298D88F00C99411 /* ResultCustomService.swift */ = {isa = PBXFileReference; lastKnownFileType = sourcecode.swift; path = ResultCustomService.swift; sourceTree = "<group>"; };
		1853A7362298DAC700C99411 /* BaseService.swift */ = {isa = PBXFileReference; lastKnownFileType = sourcecode.swift; path = BaseService.swift; sourceTree = "<group>"; };
		1853A7382298DCD700C99411 /* BaseManager.swift */ = {isa = PBXFileReference; lastKnownFileType = sourcecode.swift; path = BaseManager.swift; sourceTree = "<group>"; };
		1855E34C229B104800503E8F /* HomeViewControllerTests.swift */ = {isa = PBXFileReference; lastKnownFileType = sourcecode.swift; path = HomeViewControllerTests.swift; sourceTree = "<group>"; };
		1855E34E229B10AF00503E8F /* SearchPhotoManagerTests.swift */ = {isa = PBXFileReference; lastKnownFileType = sourcecode.swift; path = SearchPhotoManagerTests.swift; sourceTree = "<group>"; };
		1855E351229B177500503E8F /* PhotosCollectionViewTests.swift */ = {isa = PBXFileReference; lastKnownFileType = sourcecode.swift; path = PhotosCollectionViewTests.swift; sourceTree = "<group>"; };
		1855E353229B178300503E8F /* PhotoManagerTests.swift */ = {isa = PBXFileReference; lastKnownFileType = sourcecode.swift; path = PhotoManagerTests.swift; sourceTree = "<group>"; };
		1855E355229B17F700503E8F /* PhotoServiceStub.swift */ = {isa = PBXFileReference; lastKnownFileType = sourcecode.swift; path = PhotoServiceStub.swift; sourceTree = "<group>"; };
		1855E357229B18FF00503E8F /* BaseServiceStub.swift */ = {isa = PBXFileReference; lastKnownFileType = sourcecode.swift; path = BaseServiceStub.swift; sourceTree = "<group>"; };
		1869E3152298F6A600084DD6 /* PhotoModel.swift */ = {isa = PBXFileReference; lastKnownFileType = sourcecode.swift; path = PhotoModel.swift; sourceTree = "<group>"; };
		1869E3172298F83900084DD6 /* PhotoManager.swift */ = {isa = PBXFileReference; lastKnownFileType = sourcecode.swift; path = PhotoManager.swift; sourceTree = "<group>"; };
		1869E3192298F93E00084DD6 /* PhotoService.swift */ = {isa = PBXFileReference; lastKnownFileType = sourcecode.swift; path = PhotoService.swift; sourceTree = "<group>"; };
		1869E31D2299C09D00084DD6 /* ItemCollectionViewCell.swift */ = {isa = PBXFileReference; lastKnownFileType = sourcecode.swift; path = ItemCollectionViewCell.swift; sourceTree = "<group>"; };
		1869E31E2299C09D00084DD6 /* ItemCollectionViewCell.xib */ = {isa = PBXFileReference; lastKnownFileType = file.xib; path = ItemCollectionViewCell.xib; sourceTree = "<group>"; };
		1869E3262299FA1400084DD6 /* PhotosCollectionView.swift */ = {isa = PBXFileReference; lastKnownFileType = sourcecode.swift; path = PhotosCollectionView.swift; sourceTree = "<group>"; };
		1874702322976EF100D4C697 /* Kwan Challenge.app */ = {isa = PBXFileReference; explicitFileType = wrapper.application; includeInIndex = 0; path = "Kwan Challenge.app"; sourceTree = BUILT_PRODUCTS_DIR; };
		1874702622976EF100D4C697 /* AppDelegate.swift */ = {isa = PBXFileReference; lastKnownFileType = sourcecode.swift; path = AppDelegate.swift; sourceTree = "<group>"; };
		1874702D22976EF300D4C697 /* Assets.xcassets */ = {isa = PBXFileReference; lastKnownFileType = folder.assetcatalog; path = Assets.xcassets; sourceTree = "<group>"; };
		1874703022976EF300D4C697 /* Base */ = {isa = PBXFileReference; lastKnownFileType = file.storyboard; name = Base; path = Base.lproj/LaunchScreen.storyboard; sourceTree = "<group>"; };
		1874703222976EF300D4C697 /* Info.plist */ = {isa = PBXFileReference; lastKnownFileType = text.plist.xml; path = Info.plist; sourceTree = "<group>"; };
		1874703722976EF400D4C697 /* Kwan ChallengeTests.xctest */ = {isa = PBXFileReference; explicitFileType = wrapper.cfbundle; includeInIndex = 0; path = "Kwan ChallengeTests.xctest"; sourceTree = BUILT_PRODUCTS_DIR; };
		1874703D22976EF400D4C697 /* Info.plist */ = {isa = PBXFileReference; lastKnownFileType = text.plist.xml; path = Info.plist; sourceTree = "<group>"; };
		18747047229772FF00D4C697 /* RestEntity.swift */ = {isa = PBXFileReference; fileEncoding = 4; lastKnownFileType = sourcecode.swift; path = RestEntity.swift; sourceTree = "<group>"; };
		18747048229772FF00D4C697 /* RestApi.swift */ = {isa = PBXFileReference; fileEncoding = 4; lastKnownFileType = sourcecode.swift; path = RestApi.swift; sourceTree = "<group>"; };
		18747049229772FF00D4C697 /* HttpMethod.swift */ = {isa = PBXFileReference; fileEncoding = 4; lastKnownFileType = sourcecode.swift; path = HttpMethod.swift; sourceTree = "<group>"; };
		1874704A229772FF00D4C697 /* Results.swift */ = {isa = PBXFileReference; fileEncoding = 4; lastKnownFileType = sourcecode.swift; path = Results.swift; sourceTree = "<group>"; };
		1874704B229772FF00D4C697 /* Response.swift */ = {isa = PBXFileReference; fileEncoding = 4; lastKnownFileType = sourcecode.swift; path = Response.swift; sourceTree = "<group>"; };
		1874704C229772FF00D4C697 /* CustomErrorAPI.swift */ = {isa = PBXFileReference; fileEncoding = 4; lastKnownFileType = sourcecode.swift; path = CustomErrorAPI.swift; sourceTree = "<group>"; };
		18747056229773B500D4C697 /* Staging.xcconfig */ = {isa = PBXFileReference; lastKnownFileType = text.xcconfig; path = Staging.xcconfig; sourceTree = "<group>"; };
		18747058229773C400D4C697 /* Release.xcconfig */ = {isa = PBXFileReference; lastKnownFileType = text.xcconfig; path = Release.xcconfig; sourceTree = "<group>"; };
		1874705A229773CF00D4C697 /* Debug.xcconfig */ = {isa = PBXFileReference; lastKnownFileType = text.xcconfig; path = Debug.xcconfig; sourceTree = "<group>"; };
		1874705B2297740700D4C697 /* README.md */ = {isa = PBXFileReference; lastKnownFileType = net.daringfireball.markdown; path = README.md; sourceTree = "<group>"; };
		187470632297781F00D4C697 /* API.swift */ = {isa = PBXFileReference; lastKnownFileType = sourcecode.swift; path = API.swift; sourceTree = "<group>"; };
		18747066229778C400D4C697 /* AppConfiguration.swift */ = {isa = PBXFileReference; lastKnownFileType = sourcecode.swift; path = AppConfiguration.swift; sourceTree = "<group>"; };
		1874706C2297821D00D4C697 /* UIViewController+Custom.swift */ = {isa = PBXFileReference; lastKnownFileType = sourcecode.swift; path = "UIViewController+Custom.swift"; sourceTree = "<group>"; };
		1874706E2297836100D4C697 /* HomeViewController.swift */ = {isa = PBXFileReference; lastKnownFileType = sourcecode.swift; path = HomeViewController.swift; sourceTree = "<group>"; };
		1874706F2297836100D4C697 /* HomeViewController.xib */ = {isa = PBXFileReference; lastKnownFileType = file.xib; path = HomeViewController.xib; sourceTree = "<group>"; };
/* End PBXFileReference section */

/* Begin PBXFrameworksBuildPhase section */
		1874702022976EF100D4C697 /* Frameworks */ = {
			isa = PBXFrameworksBuildPhase;
			buildActionMask = 2147483647;
			files = (
			);
			runOnlyForDeploymentPostprocessing = 0;
		};
		1874703422976EF400D4C697 /* Frameworks */ = {
			isa = PBXFrameworksBuildPhase;
			buildActionMask = 2147483647;
			files = (
			);
			runOnlyForDeploymentPostprocessing = 0;
		};
/* End PBXFrameworksBuildPhase section */

/* Begin PBXGroup section */
		18099626229A23B8003D3333 /* HomeAndSearchPhotoTests */ = {
			isa = PBXGroup;
			children = (
				1855E34C229B104800503E8F /* HomeViewControllerTests.swift */,
				1855E34E229B10AF00503E8F /* SearchPhotoManagerTests.swift */,
			);
			path = HomeAndSearchPhotoTests;
			sourceTree = "<group>";
		};
		18099629229A2575003D3333 /* Stubs */ = {
			isa = PBXGroup;
			children = (
				1809962A229A257E003D3333 /* SearchPhotoServiceStub.swift */,
				1855E355229B17F700503E8F /* PhotoServiceStub.swift */,
				1855E357229B18FF00503E8F /* BaseServiceStub.swift */,
			);
			path = Stubs;
			sourceTree = "<group>";
		};
		182252BA229A4B3300009AD6 /* EquatableForTest */ = {
			isa = PBXGroup;
			children = (
				182252BB229A4B4800009AD6 /* EquatablesTest.swift */,
			);
			path = EquatableForTest;
			sourceTree = "<group>";
		};
		1855E350229B174F00503E8F /* PhotosTests */ = {
			isa = PBXGroup;
			children = (
				1855E351229B177500503E8F /* PhotosCollectionViewTests.swift */,
				1855E353229B178300503E8F /* PhotoManagerTests.swift */,
			);
			path = PhotosTests;
			sourceTree = "<group>";
		};
		1869E31B22998EFA00084DD6 /* Entity */ = {
			isa = PBXGroup;
			children = (
				1853A72C2298CC2C00C99411 /* SearchPhotosModel.swift */,
				1853A72E2298CD4A00C99411 /* MethodEnumModel.swift */,
				1869E3152298F6A600084DD6 /* PhotoModel.swift */,
			);
			path = Entity;
			sourceTree = "<group>";
		};
		1869E31C2299C07A00084DD6 /* ItemCellCollectionView */ = {
			isa = PBXGroup;
			children = (
				1869E31D2299C09D00084DD6 /* ItemCollectionViewCell.swift */,
				1869E31E2299C09D00084DD6 /* ItemCollectionViewCell.xib */,
			);
			path = ItemCellCollectionView;
			sourceTree = "<group>";
		};
		1869E3252299F9F400084DD6 /* Photos */ = {
			isa = PBXGroup;
			children = (
				1869E31C2299C07A00084DD6 /* ItemCellCollectionView */,
				1869E3262299FA1400084DD6 /* PhotosCollectionView.swift */,
			);
			path = Photos;
			sourceTree = "<group>";
		};
		1874701A22976EF100D4C697 = {
			isa = PBXGroup;
			children = (
				1874705B2297740700D4C697 /* README.md */,
				1874702522976EF100D4C697 /* Kwan Challenge */,
				1874703A22976EF400D4C697 /* Kwan ChallengeTests */,
				1874702422976EF100D4C697 /* Products */,
			);
			sourceTree = "<group>";
		};
		1874702422976EF100D4C697 /* Products */ = {
			isa = PBXGroup;
			children = (
				1874702322976EF100D4C697 /* Kwan Challenge.app */,
				1874703722976EF400D4C697 /* Kwan ChallengeTests.xctest */,
			);
			name = Products;
			sourceTree = "<group>";
		};
		1874702522976EF100D4C697 /* Kwan Challenge */ = {
			isa = PBXGroup;
			children = (
				187470532297730A00D4C697 /* Supporting File */,
				187470652297789100D4C697 /* Helpers */,
				187470542297732800D4C697 /* App */,
				18747046229772FF00D4C697 /* NetworkLayer */,
			);
			path = "Kwan Challenge";
			sourceTree = "<group>";
		};
		1874703A22976EF400D4C697 /* Kwan ChallengeTests */ = {
			isa = PBXGroup;
			children = (
				1855E350229B174F00503E8F /* PhotosTests */,
				182252BA229A4B3300009AD6 /* EquatableForTest */,
				18099629229A2575003D3333 /* Stubs */,
				18099626229A23B8003D3333 /* HomeAndSearchPhotoTests */,
				1874703D22976EF400D4C697 /* Info.plist */,
			);
			path = "Kwan ChallengeTests";
			sourceTree = "<group>";
		};
		18747046229772FF00D4C697 /* NetworkLayer */ = {
			isa = PBXGroup;
			children = (
				18747047229772FF00D4C697 /* RestEntity.swift */,
				18747048229772FF00D4C697 /* RestApi.swift */,
				18747049229772FF00D4C697 /* HttpMethod.swift */,
				1874704A229772FF00D4C697 /* Results.swift */,
				1874704B229772FF00D4C697 /* Response.swift */,
				1874704C229772FF00D4C697 /* CustomErrorAPI.swift */,
				187470632297781F00D4C697 /* API.swift */,
			);
			path = NetworkLayer;
			sourceTree = "<group>";
		};
		187470532297730A00D4C697 /* Supporting File */ = {
			isa = PBXGroup;
			children = (
				1874702D22976EF300D4C697 /* Assets.xcassets */,
				1874703222976EF300D4C697 /* Info.plist */,
				18747056229773B500D4C697 /* Staging.xcconfig */,
				18747058229773C400D4C697 /* Release.xcconfig */,
				1874705A229773CF00D4C697 /* Debug.xcconfig */,
			);
			path = "Supporting File";
			sourceTree = "<group>";
		};
		187470542297732800D4C697 /* App */ = {
			isa = PBXGroup;
			children = (
				187470612297778500D4C697 /* Controller */,
				1874705F2297777800D4C697 /* Model */,
				1874702622976EF100D4C697 /* AppDelegate.swift */,
			);
			path = App;
			sourceTree = "<group>";
		};
		1874705F2297777800D4C697 /* Model */ = {
			isa = PBXGroup;
			children = (
				1869E31B22998EFA00084DD6 /* Entity */,
				1874706822977C6800D4C697 /* Service */,
				18747062229777A700D4C697 /* Manager */,
			);
			path = Model;
			sourceTree = "<group>";
		};
		187470612297778500D4C697 /* Controller */ = {
			isa = PBXGroup;
			children = (
				1869E3252299F9F400084DD6 /* Photos */,
				1874702F22976EF300D4C697 /* LaunchScreen.storyboard */,
				1874706922977D3800D4C697 /* Home */,
			);
			path = Controller;
			sourceTree = "<group>";
		};
		18747062229777A700D4C697 /* Manager */ = {
			isa = PBXGroup;
			children = (
				1853A7302298D09500C99411 /* SearchPhotoManager.swift */,
				1853A7382298DCD700C99411 /* BaseManager.swift */,
				1869E3172298F83900084DD6 /* PhotoManager.swift */,
			);
			path = Manager;
			sourceTree = "<group>";
		};
		187470652297789100D4C697 /* Helpers */ = {
			isa = PBXGroup;
			children = (
				18747066229778C400D4C697 /* AppConfiguration.swift */,
				1874706C2297821D00D4C697 /* UIViewController+Custom.swift */,
				1853A7282298CAF600C99411 /* LoaderImage.swift */,
				1853A72A2298CB6D00C99411 /* MFShimmerView.swift */,
			);
			path = Helpers;
			sourceTree = "<group>";
		};
		1874706822977C6800D4C697 /* Service */ = {
			isa = PBXGroup;
			children = (
				1853A7342298D88F00C99411 /* ResultCustomService.swift */,
				1853A7362298DAC700C99411 /* BaseService.swift */,
				1869E3192298F93E00084DD6 /* PhotoService.swift */,
				1853A7322298D0C000C99411 /* SearchPhotoService.swift */,
			);
			path = Service;
			sourceTree = "<group>";
		};
		1874706922977D3800D4C697 /* Home */ = {
			isa = PBXGroup;
			children = (
				1874706E2297836100D4C697 /* HomeViewController.swift */,
				1874706F2297836100D4C697 /* HomeViewController.xib */,
			);
			path = Home;
			sourceTree = "<group>";
		};
/* End PBXGroup section */

/* Begin PBXNativeTarget section */
		1874702222976EF100D4C697 /* Kwan Challenge */ = {
			isa = PBXNativeTarget;
			buildConfigurationList = 1874704022976EF400D4C697 /* Build configuration list for PBXNativeTarget "Kwan Challenge" */;
			buildPhases = (
				1874701F22976EF100D4C697 /* Sources */,
				1874702022976EF100D4C697 /* Frameworks */,
				1874702122976EF100D4C697 /* Resources */,
			);
			buildRules = (
			);
			dependencies = (
			);
			name = "Kwan Challenge";
			productName = "Kwan Challenge";
			productReference = 1874702322976EF100D4C697 /* Kwan Challenge.app */;
			productType = "com.apple.product-type.application";
		};
		1874703622976EF400D4C697 /* Kwan ChallengeTests */ = {
			isa = PBXNativeTarget;
			buildConfigurationList = 1874704322976EF400D4C697 /* Build configuration list for PBXNativeTarget "Kwan ChallengeTests" */;
			buildPhases = (
				1874703322976EF400D4C697 /* Sources */,
				1874703422976EF400D4C697 /* Frameworks */,
				1874703522976EF400D4C697 /* Resources */,
			);
			buildRules = (
			);
			dependencies = (
				1874703922976EF400D4C697 /* PBXTargetDependency */,
			);
			name = "Kwan ChallengeTests";
			productName = "Kwan ChallengeTests";
			productReference = 1874703722976EF400D4C697 /* Kwan ChallengeTests.xctest */;
			productType = "com.apple.product-type.bundle.unit-test";
		};
/* End PBXNativeTarget section */

/* Begin PBXProject section */
		1874701B22976EF100D4C697 /* Project object */ = {
			isa = PBXProject;
			attributes = {
				LastSwiftUpdateCheck = 1020;
				LastUpgradeCheck = 1020;
				ORGANIZATIONNAME = "Marcos Felipe";
				TargetAttributes = {
					1874702222976EF100D4C697 = {
						CreatedOnToolsVersion = 10.2.1;
					};
					1874703622976EF400D4C697 = {
						CreatedOnToolsVersion = 10.2.1;
						TestTargetID = 1874702222976EF100D4C697;
					};
				};
			};
			buildConfigurationList = 1874701E22976EF100D4C697 /* Build configuration list for PBXProject "Kwan Challenge" */;
			compatibilityVersion = "Xcode 9.3";
			developmentRegion = en;
			hasScannedForEncodings = 0;
			knownRegions = (
				en,
				Base,
			);
			mainGroup = 1874701A22976EF100D4C697;
			productRefGroup = 1874702422976EF100D4C697 /* Products */;
			projectDirPath = "";
			projectRoot = "";
			targets = (
				1874702222976EF100D4C697 /* Kwan Challenge */,
				1874703622976EF400D4C697 /* Kwan ChallengeTests */,
			);
		};
/* End PBXProject section */

/* Begin PBXResourcesBuildPhase section */
		1874702122976EF100D4C697 /* Resources */ = {
			isa = PBXResourcesBuildPhase;
			buildActionMask = 2147483647;
			files = (
				18747057229773B500D4C697 /* Staging.xcconfig in Resources */,
				1874703122976EF300D4C697 /* LaunchScreen.storyboard in Resources */,
				1874702E22976EF300D4C697 /* Assets.xcassets in Resources */,
				1869E3202299C09D00084DD6 /* ItemCollectionViewCell.xib in Resources */,
				18747059229773C400D4C697 /* Release.xcconfig in Resources */,
				187470712297836100D4C697 /* HomeViewController.xib in Resources */,
			);
			runOnlyForDeploymentPostprocessing = 0;
		};
		1874703522976EF400D4C697 /* Resources */ = {
			isa = PBXResourcesBuildPhase;
			buildActionMask = 2147483647;
			files = (
			);
			runOnlyForDeploymentPostprocessing = 0;
		};
/* End PBXResourcesBuildPhase section */

/* Begin PBXSourcesBuildPhase section */
		1874701F22976EF100D4C697 /* Sources */ = {
			isa = PBXSourcesBuildPhase;
			buildActionMask = 2147483647;
			files = (
				187470502297730000D4C697 /* Results.swift in Sources */,
				1853A7352298D88F00C99411 /* ResultCustomService.swift in Sources */,
				1869E3272299FA1400084DD6 /* PhotosCollectionView.swift in Sources */,
				1869E3182298F83900084DD6 /* PhotoManager.swift in Sources */,
				187470522297730000D4C697 /* CustomErrorAPI.swift in Sources */,
				1853A7332298D0C000C99411 /* SearchPhotoService.swift in Sources */,
				1853A7312298D09500C99411 /* SearchPhotoManager.swift in Sources */,
				1874706D2297821D00D4C697 /* UIViewController+Custom.swift in Sources */,
				187470642297781F00D4C697 /* API.swift in Sources */,
				1853A7292298CAF600C99411 /* LoaderImage.swift in Sources */,
				1874704E2297730000D4C697 /* RestApi.swift in Sources */,
				1874704F2297730000D4C697 /* HttpMethod.swift in Sources */,
				1853A7392298DCD700C99411 /* BaseManager.swift in Sources */,
				1853A72F2298CD4A00C99411 /* MethodEnumModel.swift in Sources */,
				18747067229778C400D4C697 /* AppConfiguration.swift in Sources */,
				1853A7372298DAC700C99411 /* BaseService.swift in Sources */,
				1874704D2297730000D4C697 /* RestEntity.swift in Sources */,
				1874702722976EF100D4C697 /* AppDelegate.swift in Sources */,
				1853A72D2298CC2C00C99411 /* SearchPhotosModel.swift in Sources */,
				187470512297730000D4C697 /* Response.swift in Sources */,
				1869E3162298F6A600084DD6 /* PhotoModel.swift in Sources */,
				1869E31A2298F93E00084DD6 /* PhotoService.swift in Sources */,
				1869E31F2299C09D00084DD6 /* ItemCollectionViewCell.swift in Sources */,
				187470702297836100D4C697 /* HomeViewController.swift in Sources */,
				1853A72B2298CB6D00C99411 /* MFShimmerView.swift in Sources */,
			);
			runOnlyForDeploymentPostprocessing = 0;
		};
		1874703322976EF400D4C697 /* Sources */ = {
			isa = PBXSourcesBuildPhase;
			buildActionMask = 2147483647;
			files = (
				1855E354229B178300503E8F /* PhotoManagerTests.swift in Sources */,
				182252BC229A4B4800009AD6 /* EquatablesTest.swift in Sources */,
				1855E358229B18FF00503E8F /* BaseServiceStub.swift in Sources */,
				1855E34F229B10AF00503E8F /* SearchPhotoManagerTests.swift in Sources */,
				1855E356229B17F700503E8F /* PhotoServiceStub.swift in Sources */,
				1809962B229A257E003D3333 /* SearchPhotoServiceStub.swift in Sources */,
				1855E34D229B104800503E8F /* HomeViewControllerTests.swift in Sources */,
				1855E352229B177500503E8F /* PhotosCollectionViewTests.swift in Sources */,
			);
			runOnlyForDeploymentPostprocessing = 0;
		};
/* End PBXSourcesBuildPhase section */

/* Begin PBXTargetDependency section */
		1874703922976EF400D4C697 /* PBXTargetDependency */ = {
			isa = PBXTargetDependency;
			target = 1874702222976EF100D4C697 /* Kwan Challenge */;
			targetProxy = 1874703822976EF400D4C697 /* PBXContainerItemProxy */;
		};
/* End PBXTargetDependency section */

/* Begin PBXVariantGroup section */
		1874702F22976EF300D4C697 /* LaunchScreen.storyboard */ = {
			isa = PBXVariantGroup;
			children = (
				1874703022976EF300D4C697 /* Base */,
			);
			name = LaunchScreen.storyboard;
			sourceTree = "<group>";
		};
/* End PBXVariantGroup section */

/* Begin XCBuildConfiguration section */
		1874703E22976EF400D4C697 /* Debug */ = {
			isa = XCBuildConfiguration;
			baseConfigurationReference = 1874705A229773CF00D4C697 /* Debug.xcconfig */;
			buildSettings = {
				ALWAYS_SEARCH_USER_PATHS = NO;
				CLANG_ANALYZER_NONNULL = YES;
				CLANG_ANALYZER_NUMBER_OBJECT_CONVERSION = YES_AGGRESSIVE;
				CLANG_CXX_LANGUAGE_STANDARD = "gnu++14";
				CLANG_CXX_LIBRARY = "libc++";
				CLANG_ENABLE_MODULES = YES;
				CLANG_ENABLE_OBJC_ARC = YES;
				CLANG_ENABLE_OBJC_WEAK = YES;
				CLANG_WARN_BLOCK_CAPTURE_AUTORELEASING = YES;
				CLANG_WARN_BOOL_CONVERSION = YES;
				CLANG_WARN_COMMA = YES;
				CLANG_WARN_CONSTANT_CONVERSION = YES;
				CLANG_WARN_DEPRECATED_OBJC_IMPLEMENTATIONS = YES;
				CLANG_WARN_DIRECT_OBJC_ISA_USAGE = YES_ERROR;
				CLANG_WARN_DOCUMENTATION_COMMENTS = YES;
				CLANG_WARN_EMPTY_BODY = YES;
				CLANG_WARN_ENUM_CONVERSION = YES;
				CLANG_WARN_INFINITE_RECURSION = YES;
				CLANG_WARN_INT_CONVERSION = YES;
				CLANG_WARN_NON_LITERAL_NULL_CONVERSION = YES;
				CLANG_WARN_OBJC_IMPLICIT_RETAIN_SELF = YES;
				CLANG_WARN_OBJC_LITERAL_CONVERSION = YES;
				CLANG_WARN_OBJC_ROOT_CLASS = YES_ERROR;
				CLANG_WARN_RANGE_LOOP_ANALYSIS = YES;
				CLANG_WARN_STRICT_PROTOTYPES = YES;
				CLANG_WARN_SUSPICIOUS_MOVE = YES;
				CLANG_WARN_UNGUARDED_AVAILABILITY = YES_AGGRESSIVE;
				CLANG_WARN_UNREACHABLE_CODE = YES;
				CLANG_WARN__DUPLICATE_METHOD_MATCH = YES;
				CODE_SIGN_IDENTITY = "iPhone Developer";
				COPY_PHASE_STRIP = NO;
				DEBUG_INFORMATION_FORMAT = dwarf;
				ENABLE_STRICT_OBJC_MSGSEND = YES;
				ENABLE_TESTABILITY = YES;
				GCC_C_LANGUAGE_STANDARD = gnu11;
				GCC_DYNAMIC_NO_PIC = NO;
				GCC_NO_COMMON_BLOCKS = YES;
				GCC_OPTIMIZATION_LEVEL = 0;
				GCC_PREPROCESSOR_DEFINITIONS = (
					"DEBUG=1",
					"$(inherited)",
				);
				GCC_WARN_64_TO_32_BIT_CONVERSION = YES;
				GCC_WARN_ABOUT_RETURN_TYPE = YES_ERROR;
				GCC_WARN_UNDECLARED_SELECTOR = YES;
				GCC_WARN_UNINITIALIZED_AUTOS = YES_AGGRESSIVE;
				GCC_WARN_UNUSED_FUNCTION = YES;
				GCC_WARN_UNUSED_VARIABLE = YES;
				IPHONEOS_DEPLOYMENT_TARGET = 10.0;
				MTL_ENABLE_DEBUG_INFO = INCLUDE_SOURCE;
				MTL_FAST_MATH = YES;
				ONLY_ACTIVE_ARCH = YES;
				SDKROOT = iphoneos;
				SWIFT_ACTIVE_COMPILATION_CONDITIONS = DEBUG;
				SWIFT_OPTIMIZATION_LEVEL = "-Onone";
			};
			name = Debug;
		};
		1874703F22976EF400D4C697 /* Release */ = {
			isa = XCBuildConfiguration;
			baseConfigurationReference = 18747058229773C400D4C697 /* Release.xcconfig */;
			buildSettings = {
				ALWAYS_SEARCH_USER_PATHS = NO;
				CLANG_ANALYZER_NONNULL = YES;
				CLANG_ANALYZER_NUMBER_OBJECT_CONVERSION = YES_AGGRESSIVE;
				CLANG_CXX_LANGUAGE_STANDARD = "gnu++14";
				CLANG_CXX_LIBRARY = "libc++";
				CLANG_ENABLE_MODULES = YES;
				CLANG_ENABLE_OBJC_ARC = YES;
				CLANG_ENABLE_OBJC_WEAK = YES;
				CLANG_WARN_BLOCK_CAPTURE_AUTORELEASING = YES;
				CLANG_WARN_BOOL_CONVERSION = YES;
				CLANG_WARN_COMMA = YES;
				CLANG_WARN_CONSTANT_CONVERSION = YES;
				CLANG_WARN_DEPRECATED_OBJC_IMPLEMENTATIONS = YES;
				CLANG_WARN_DIRECT_OBJC_ISA_USAGE = YES_ERROR;
				CLANG_WARN_DOCUMENTATION_COMMENTS = YES;
				CLANG_WARN_EMPTY_BODY = YES;
				CLANG_WARN_ENUM_CONVERSION = YES;
				CLANG_WARN_INFINITE_RECURSION = YES;
				CLANG_WARN_INT_CONVERSION = YES;
				CLANG_WARN_NON_LITERAL_NULL_CONVERSION = YES;
				CLANG_WARN_OBJC_IMPLICIT_RETAIN_SELF = YES;
				CLANG_WARN_OBJC_LITERAL_CONVERSION = YES;
				CLANG_WARN_OBJC_ROOT_CLASS = YES_ERROR;
				CLANG_WARN_RANGE_LOOP_ANALYSIS = YES;
				CLANG_WARN_STRICT_PROTOTYPES = YES;
				CLANG_WARN_SUSPICIOUS_MOVE = YES;
				CLANG_WARN_UNGUARDED_AVAILABILITY = YES_AGGRESSIVE;
				CLANG_WARN_UNREACHABLE_CODE = YES;
				CLANG_WARN__DUPLICATE_METHOD_MATCH = YES;
				CODE_SIGN_IDENTITY = "iPhone Developer";
				COPY_PHASE_STRIP = NO;
				DEBUG_INFORMATION_FORMAT = "dwarf-with-dsym";
				ENABLE_NS_ASSERTIONS = NO;
				ENABLE_STRICT_OBJC_MSGSEND = YES;
				GCC_C_LANGUAGE_STANDARD = gnu11;
				GCC_NO_COMMON_BLOCKS = YES;
				GCC_WARN_64_TO_32_BIT_CONVERSION = YES;
				GCC_WARN_ABOUT_RETURN_TYPE = YES_ERROR;
				GCC_WARN_UNDECLARED_SELECTOR = YES;
				GCC_WARN_UNINITIALIZED_AUTOS = YES_AGGRESSIVE;
				GCC_WARN_UNUSED_FUNCTION = YES;
				GCC_WARN_UNUSED_VARIABLE = YES;
				IPHONEOS_DEPLOYMENT_TARGET = 10.0;
				MTL_ENABLE_DEBUG_INFO = NO;
				MTL_FAST_MATH = YES;
				SDKROOT = iphoneos;
				SWIFT_COMPILATION_MODE = wholemodule;
				SWIFT_OPTIMIZATION_LEVEL = "-O";
				VALIDATE_PRODUCT = YES;
			};
			name = Release;
		};
		1874704122976EF400D4C697 /* Debug */ = {
			isa = XCBuildConfiguration;
			baseConfigurationReference = 1874705A229773CF00D4C697 /* Debug.xcconfig */;
			buildSettings = {
				ASSETCATALOG_COMPILER_APPICON_NAME = AppIcon;
				CODE_SIGN_STYLE = Automatic;
				DEVELOPMENT_TEAM = V2686JM7D9;
				INFOPLIST_FILE = "$(SRCROOT)/Kwan Challenge/Supporting File/Info.plist";
				LD_RUNPATH_SEARCH_PATHS = (
					"$(inherited)",
					"@executable_path/Frameworks",
				);
				PRODUCT_BUNDLE_IDENTIFIER = "com.mfelipesp.Kwan-Challenge";
				PRODUCT_NAME = "$(TARGET_NAME)";
				SWIFT_VERSION = 5.0;
				TARGETED_DEVICE_FAMILY = 1;
			};
			name = Debug;
		};
		1874704222976EF400D4C697 /* Release */ = {
			isa = XCBuildConfiguration;
			baseConfigurationReference = 18747058229773C400D4C697 /* Release.xcconfig */;
			buildSettings = {
				ASSETCATALOG_COMPILER_APPICON_NAME = AppIcon;
				CODE_SIGN_STYLE = Automatic;
				DEVELOPMENT_TEAM = V2686JM7D9;
				INFOPLIST_FILE = "$(SRCROOT)/Kwan Challenge/Supporting File/Info.plist";
				LD_RUNPATH_SEARCH_PATHS = (
					"$(inherited)",
					"@executable_path/Frameworks",
				);
				PRODUCT_BUNDLE_IDENTIFIER = "com.mfelipesp.Kwan-Challenge";
				PRODUCT_NAME = "$(TARGET_NAME)";
				SWIFT_VERSION = 5.0;
				TARGETED_DEVICE_FAMILY = 1;
			};
			name = Release;
		};
		1874704422976EF400D4C697 /* Debug */ = {
			isa = XCBuildConfiguration;
			baseConfigurationReference = 1874705A229773CF00D4C697 /* Debug.xcconfig */;
			buildSettings = {
				ALWAYS_EMBED_SWIFT_STANDARD_LIBRARIES = YES;
				BUNDLE_LOADER = "$(TEST_HOST)";
				CODE_SIGN_STYLE = Automatic;
				DEVELOPMENT_TEAM = V2686JM7D9;
				INFOPLIST_FILE = "Kwan ChallengeTests/Info.plist";
				LD_RUNPATH_SEARCH_PATHS = (
					"$(inherited)",
					"@executable_path/Frameworks",
					"@loader_path/Frameworks",
				);
				PRODUCT_BUNDLE_IDENTIFIER = "com.mfelipesp.Kwan-ChallengeTests";
				PRODUCT_NAME = "$(TARGET_NAME)";
				SWIFT_VERSION = 5.0;
				TARGETED_DEVICE_FAMILY = "1,2";
				TEST_HOST = "$(BUILT_PRODUCTS_DIR)/Kwan Challenge.app/Kwan Challenge";
			};
			name = Debug;
		};
		1874704522976EF400D4C697 /* Release */ = {
			isa = XCBuildConfiguration;
			baseConfigurationReference = 18747058229773C400D4C697 /* Release.xcconfig */;
			buildSettings = {
				ALWAYS_EMBED_SWIFT_STANDARD_LIBRARIES = YES;
				BUNDLE_LOADER = "$(TEST_HOST)";
				CODE_SIGN_STYLE = Automatic;
				DEVELOPMENT_TEAM = V2686JM7D9;
				INFOPLIST_FILE = "Kwan ChallengeTests/Info.plist";
				LD_RUNPATH_SEARCH_PATHS = (
					"$(inherited)",
					"@executable_path/Frameworks",
					"@loader_path/Frameworks",
				);
				PRODUCT_BUNDLE_IDENTIFIER = "com.mfelipesp.Kwan-ChallengeTests";
				PRODUCT_NAME = "$(TARGET_NAME)";
				SWIFT_VERSION = 5.0;
				TARGETED_DEVICE_FAMILY = "1,2";
				TEST_HOST = "$(BUILT_PRODUCTS_DIR)/Kwan Challenge.app/Kwan Challenge";
			};
			name = Release;
		};
		1874705C229774AF00D4C697 /* Staging */ = {
			isa = XCBuildConfiguration;
			baseConfigurationReference = 18747056229773B500D4C697 /* Staging.xcconfig */;
			buildSettings = {
				ALWAYS_SEARCH_USER_PATHS = NO;
				CLANG_ANALYZER_NONNULL = YES;
				CLANG_ANALYZER_NUMBER_OBJECT_CONVERSION = YES_AGGRESSIVE;
				CLANG_CXX_LANGUAGE_STANDARD = "gnu++14";
				CLANG_CXX_LIBRARY = "libc++";
				CLANG_ENABLE_MODULES = YES;
				CLANG_ENABLE_OBJC_ARC = YES;
				CLANG_ENABLE_OBJC_WEAK = YES;
				CLANG_WARN_BLOCK_CAPTURE_AUTORELEASING = YES;
				CLANG_WARN_BOOL_CONVERSION = YES;
				CLANG_WARN_COMMA = YES;
				CLANG_WARN_CONSTANT_CONVERSION = YES;
				CLANG_WARN_DEPRECATED_OBJC_IMPLEMENTATIONS = YES;
				CLANG_WARN_DIRECT_OBJC_ISA_USAGE = YES_ERROR;
				CLANG_WARN_DOCUMENTATION_COMMENTS = YES;
				CLANG_WARN_EMPTY_BODY = YES;
				CLANG_WARN_ENUM_CONVERSION = YES;
				CLANG_WARN_INFINITE_RECURSION = YES;
				CLANG_WARN_INT_CONVERSION = YES;
				CLANG_WARN_NON_LITERAL_NULL_CONVERSION = YES;
				CLANG_WARN_OBJC_IMPLICIT_RETAIN_SELF = YES;
				CLANG_WARN_OBJC_LITERAL_CONVERSION = YES;
				CLANG_WARN_OBJC_ROOT_CLASS = YES_ERROR;
				CLANG_WARN_RANGE_LOOP_ANALYSIS = YES;
				CLANG_WARN_STRICT_PROTOTYPES = YES;
				CLANG_WARN_SUSPICIOUS_MOVE = YES;
				CLANG_WARN_UNGUARDED_AVAILABILITY = YES_AGGRESSIVE;
				CLANG_WARN_UNREACHABLE_CODE = YES;
				CLANG_WARN__DUPLICATE_METHOD_MATCH = YES;
				CODE_SIGN_IDENTITY = "iPhone Developer";
				COPY_PHASE_STRIP = NO;
				DEBUG_INFORMATION_FORMAT = dwarf;
				ENABLE_STRICT_OBJC_MSGSEND = YES;
				ENABLE_TESTABILITY = YES;
				GCC_C_LANGUAGE_STANDARD = gnu11;
				GCC_DYNAMIC_NO_PIC = NO;
				GCC_NO_COMMON_BLOCKS = YES;
				GCC_OPTIMIZATION_LEVEL = 0;
				GCC_PREPROCESSOR_DEFINITIONS = (
					"DEBUG=1",
					"$(inherited)",
				);
				GCC_WARN_64_TO_32_BIT_CONVERSION = YES;
				GCC_WARN_ABOUT_RETURN_TYPE = YES_ERROR;
				GCC_WARN_UNDECLARED_SELECTOR = YES;
				GCC_WARN_UNINITIALIZED_AUTOS = YES_AGGRESSIVE;
				GCC_WARN_UNUSED_FUNCTION = YES;
				GCC_WARN_UNUSED_VARIABLE = YES;
				IPHONEOS_DEPLOYMENT_TARGET = 10.0;
				MTL_ENABLE_DEBUG_INFO = INCLUDE_SOURCE;
				MTL_FAST_MATH = YES;
				ONLY_ACTIVE_ARCH = YES;
				SDKROOT = iphoneos;
				SWIFT_ACTIVE_COMPILATION_CONDITIONS = DEBUG;
				SWIFT_OPTIMIZATION_LEVEL = "-Onone";
			};
			name = Staging;
		};
		1874705D229774AF00D4C697 /* Staging */ = {
			isa = XCBuildConfiguration;
			baseConfigurationReference = 18747056229773B500D4C697 /* Staging.xcconfig */;
			buildSettings = {
				ASSETCATALOG_COMPILER_APPICON_NAME = AppIcon;
				CODE_SIGN_STYLE = Automatic;
				DEVELOPMENT_TEAM = V2686JM7D9;
				INFOPLIST_FILE = "$(SRCROOT)/Kwan Challenge/Supporting File/Info.plist";
				LD_RUNPATH_SEARCH_PATHS = (
					"$(inherited)",
					"@executable_path/Frameworks",
				);
				PRODUCT_BUNDLE_IDENTIFIER = "com.mfelipesp.Kwan-Challenge";
				PRODUCT_NAME = "$(TARGET_NAME)";
				SWIFT_VERSION = 5.0;
				TARGETED_DEVICE_FAMILY = 1;
			};
			name = Staging;
		};
		1874705E229774AF00D4C697 /* Staging */ = {
			isa = XCBuildConfiguration;
			baseConfigurationReference = 18747056229773B500D4C697 /* Staging.xcconfig */;
			buildSettings = {
				ALWAYS_EMBED_SWIFT_STANDARD_LIBRARIES = YES;
				BUNDLE_LOADER = "$(TEST_HOST)";
				CODE_SIGN_STYLE = Automatic;
				DEVELOPMENT_TEAM = V2686JM7D9;
				INFOPLIST_FILE = "Kwan ChallengeTests/Info.plist";
				LD_RUNPATH_SEARCH_PATHS = (
					"$(inherited)",
					"@executable_path/Frameworks",
					"@loader_path/Frameworks",
				);
				PRODUCT_BUNDLE_IDENTIFIER = "com.mfelipesp.Kwan-ChallengeTests";
				PRODUCT_NAME = "$(TARGET_NAME)";
				SWIFT_VERSION = 5.0;
				TARGETED_DEVICE_FAMILY = "1,2";
				TEST_HOST = "$(BUILT_PRODUCTS_DIR)/Kwan Challenge.app/Kwan Challenge";
			};
			name = Staging;
		};
/* End XCBuildConfiguration section */

/* Begin XCConfigurationList section */
		1874701E22976EF100D4C697 /* Build configuration list for PBXProject "Kwan Challenge" */ = {
			isa = XCConfigurationList;
			buildConfigurations = (
				1874703E22976EF400D4C697 /* Debug */,
				1874705C229774AF00D4C697 /* Staging */,
				1874703F22976EF400D4C697 /* Release */,
			);
			defaultConfigurationIsVisible = 0;
			defaultConfigurationName = Release;
		};
		1874704022976EF400D4C697 /* Build configuration list for PBXNativeTarget "Kwan Challenge" */ = {
			isa = XCConfigurationList;
			buildConfigurations = (
				1874704122976EF400D4C697 /* Debug */,
				1874705D229774AF00D4C697 /* Staging */,
				1874704222976EF400D4C697 /* Release */,
			);
			defaultConfigurationIsVisible = 0;
			defaultConfigurationName = Release;
		};
		1874704322976EF400D4C697 /* Build configuration list for PBXNativeTarget "Kwan ChallengeTests" */ = {
			isa = XCConfigurationList;
			buildConfigurations = (
				1874704422976EF400D4C697 /* Debug */,
				1874705E229774AF00D4C697 /* Staging */,
				1874704522976EF400D4C697 /* Release */,
			);
			defaultConfigurationIsVisible = 0;
			defaultConfigurationName = Release;
		};
/* End XCConfigurationList section */
	};
	rootObject = 1874701B22976EF100D4C697 /* Project object */;
}
